
Microsoft Visual Studio Solution File, Format Version 12.00
# Visual Studio Version 16
VisualStudioVersion = 16.0.30804.86
MinimumVisualStudioVersion = 10.0.40219.1
Project("{FAE04EC0-301F-11D3-BF4B-00C04F79EFBC}") = "Homey", "Homey.csproj", "{B710DF8F-454C-4354-B37E-061694743BBD}"
EndProject
Global
	GlobalSection(SolutionConfigurationPlatforms) = preSolution
		Debug|Any CPU = Debug|Any CPU
		Release|Any CPU = Release|Any CPU
	EndGlobalSection
	GlobalSection(ProjectConfigurationPlatforms) = postSolution
		{B710DF8F-454C-4354-B37E-061694743BBD}.Debug|Any CPU.ActiveCfg = Debug|Any CPU
		{B710DF8F-454C-4354-B37E-061694743BBD}.Debug|Any CPU.Build.0 = Debug|Any CPU
		{B710DF8F-454C-4354-B37E-061694743BBD}.Release|Any CPU.ActiveCfg = Release|Any CPU
		{B710DF8F-454C-4354-B37E-061694743BBD}.Release|Any CPU.Build.0 = Release|Any CPU
	EndGlobalSection
	GlobalSection(SolutionProperties) = preSolution
		HideSolutionNode = FALSE
	EndGlobalSection
	GlobalSection(ExtensibilityGlobals) = postSolution
		SolutionGuid = {73E75D1D-6869-44B9-B106-92E2111D7D91}
	EndGlobalSection
EndGlobal
